
Microsoft Visual Studio Solution File, Format Version 12.00
# Visual Studio Version 17
VisualStudioVersion = 17.3.32922.545
MinimumVisualStudioVersion = 10.0.40219.1
Project("{FAE04EC0-301F-11D3-BF4B-00C04F79EFBC}") = "EcomWeb", "EcomWeb\EcomWeb.csproj", "{7404BB6F-8260-4E80-AF8F-8940C8E15BCE}"
EndProject
Global
	GlobalSection(SolutionConfigurationPlatforms) = preSolution
		Debug|Any CPU = Debug|Any CPU
		Release|Any CPU = Release|Any CPU
	EndGlobalSection
	GlobalSection(ProjectConfigurationPlatforms) = postSolution
		{7404BB6F-8260-4E80-AF8F-8940C8E15BCE}.Debug|Any CPU.ActiveCfg = Debug|Any CPU
		{7404BB6F-8260-4E80-AF8F-8940C8E15BCE}.Debug|Any CPU.Build.0 = Debug|Any CPU
		{7404BB6F-8260-4E80-AF8F-8940C8E15BCE}.Release|Any CPU.ActiveCfg = Release|Any CPU
		{7404BB6F-8260-4E80-AF8F-8940C8E15BCE}.Release|Any CPU.Build.0 = Release|Any CPU
	EndGlobalSection
	GlobalSection(SolutionProperties) = preSolution
		HideSolutionNode = FALSE
	EndGlobalSection
	GlobalSection(ExtensibilityGlobals) = postSolution
		SolutionGuid = {E1E236B7-B4A5-494B-A0D5-EFF4DA0E63C2}
	EndGlobalSection
EndGlobal
